
Microsoft Visual Studio Solution File, Format Version 12.00
# Visual Studio Version 17
VisualStudioVersion = 17.11.35327.3
MinimumVisualStudioVersion = 10.0.40219.1
Project("{FAE04EC0-301F-11D3-BF4B-00C04F79EFBC}") = "TeaShopMIS", "TeaShopMIS\TeaShopMIS.csproj", "{3141836A-7227-4F09-A585-0EA302D43ABB}"
EndProject
Global
	GlobalSection(SolutionConfigurationPlatforms) = preSolution
		Debug|Any CPU = Debug|Any CPU
		Release|Any CPU = Release|Any CPU
	EndGlobalSection
	GlobalSection(ProjectConfigurationPlatforms) = postSolution
		{3141836A-7227-4F09-A585-0EA302D43ABB}.Debug|Any CPU.ActiveCfg = Debug|Any CPU
		{3141836A-7227-4F09-A585-0EA302D43ABB}.Debug|Any CPU.Build.0 = Debug|Any CPU
		{3141836A-7227-4F09-A585-0EA302D43ABB}.Release|Any CPU.ActiveCfg = Release|Any CPU
		{3141836A-7227-4F09-A585-0EA302D43ABB}.Release|Any CPU.Build.0 = Release|Any CPU
	EndGlobalSection
	GlobalSection(SolutionProperties) = preSolution
		HideSolutionNode = FALSE
	EndGlobalSection
	GlobalSection(ExtensibilityGlobals) = postSolution
		SolutionGuid = {3608F05E-482D-4AAF-AE61-59EA541F5C4C}
	EndGlobalSection
EndGlobal
